
Microsoft Visual Studio Solution File, Format Version 11.00
# Visual Studio 2010
Project("{FAE04EC0-301F-11D3-BF4B-00C04F79EFBC}") = "soccers", "Assembly-CSharp-firstpass.csproj", "{309342C5-D63D-B290-5EF7-314E30C1C0F2}"
EndProject
Project("{FAE04EC0-301F-11D3-BF4B-00C04F79EFBC}") = "soccers", "Assembly-CSharp.csproj", "{B2790FFD-76D4-7A57-7FE4-DCC77B51A0DE}"
EndProject
Project("{FAE04EC0-301F-11D3-BF4B-00C04F79EFBC}") = "soccers", "Assembly-CSharp-Editor-firstpass.csproj", "{567F572F-D95F-E2CB-41E5-FE33D0CD0F0F}"
EndProject
Global
	GlobalSection(SolutionConfigurationPlatforms) = preSolution
		Debug|Any CPU = Debug|Any CPU
		Release|Any CPU = Release|Any CPU
	EndGlobalSection
	GlobalSection(ProjectConfigurationPlatforms) = postSolution
		{309342C5-D63D-B290-5EF7-314E30C1C0F2}.Debug|Any CPU.ActiveCfg = Debug|Any CPU
		{309342C5-D63D-B290-5EF7-314E30C1C0F2}.Debug|Any CPU.Build.0 = Debug|Any CPU
		{309342C5-D63D-B290-5EF7-314E30C1C0F2}.Release|Any CPU.ActiveCfg = Release|Any CPU
		{309342C5-D63D-B290-5EF7-314E30C1C0F2}.Release|Any CPU.Build.0 = Release|Any CPU
		{B2790FFD-76D4-7A57-7FE4-DCC77B51A0DE}.Debug|Any CPU.ActiveCfg = Debug|Any CPU
		{B2790FFD-76D4-7A57-7FE4-DCC77B51A0DE}.Debug|Any CPU.Build.0 = Debug|Any CPU
		{B2790FFD-76D4-7A57-7FE4-DCC77B51A0DE}.Release|Any CPU.ActiveCfg = Release|Any CPU
		{B2790FFD-76D4-7A57-7FE4-DCC77B51A0DE}.Release|Any CPU.Build.0 = Release|Any CPU
		{567F572F-D95F-E2CB-41E5-FE33D0CD0F0F}.Debug|Any CPU.ActiveCfg = Debug|Any CPU
		{567F572F-D95F-E2CB-41E5-FE33D0CD0F0F}.Debug|Any CPU.Build.0 = Debug|Any CPU
		{567F572F-D95F-E2CB-41E5-FE33D0CD0F0F}.Release|Any CPU.ActiveCfg = Release|Any CPU
		{567F572F-D95F-E2CB-41E5-FE33D0CD0F0F}.Release|Any CPU.Build.0 = Release|Any CPU
	EndGlobalSection
	GlobalSection(SolutionProperties) = preSolution
		HideSolutionNode = FALSE
	EndGlobalSection
	GlobalSection(MonoDevelopProperties) = preSolution
		StartupItem = Assembly-CSharp.csproj
	EndGlobalSection
EndGlobal
